// !$*UTF8*$!
{
	archiveVersion = 1;
	classes = {
	};
	objectVersion = 46;
	objects = {

/* Begin PBXBuildFile section */
		89004F4E19DD8BF800AAFC0E /* AppDelegate.swift in Sources */ = {isa = PBXBuildFile; fileRef = 89004F4D19DD8BF800AAFC0E /* AppDelegate.swift */; };
		89004F5019DD8BF800AAFC0E /* ViewController.swift in Sources */ = {isa = PBXBuildFile; fileRef = 89004F4F19DD8BF800AAFC0E /* ViewController.swift */; };
		89004F5319DD8BF800AAFC0E /* Main.storyboard in Resources */ = {isa = PBXBuildFile; fileRef = 89004F5119DD8BF800AAFC0E /* Main.storyboard */; };
		89004F5519DD8BF800AAFC0E /* Images.xcassets in Resources */ = {isa = PBXBuildFile; fileRef = 89004F5419DD8BF800AAFC0E /* Images.xcassets */; };
		89004F5819DD8BF800AAFC0E /* LaunchScreen.xib in Resources */ = {isa = PBXBuildFile; fileRef = 89004F5619DD8BF800AAFC0E /* LaunchScreen.xib */; };
		89F5AE231D90881900E3C870 /* TableViewHelper.framework in Frameworks */ = {isa = PBXBuildFile; fileRef = 89F5AE1D1D90861300E3C870 /* TableViewHelper.framework */; };
		89F5AE241D90881900E3C870 /* TableViewHelper.framework in Embed Frameworks */ = {isa = PBXBuildFile; fileRef = 89F5AE1D1D90861300E3C870 /* TableViewHelper.framework */; settings = {ATTRIBUTES = (CodeSignOnCopy, RemoveHeadersOnCopy, ); }; };
/* End PBXBuildFile section */

/* Begin PBXContainerItemProxy section */
		89F5AE1C1D90861300E3C870 /* PBXContainerItemProxy */ = {
			isa = PBXContainerItemProxy;
			containerPortal = 89F5AE171D90861300E3C870 /* TableViewHelper.xcodeproj */;
			proxyType = 2;
			remoteGlobalIDString = 89F5ADD71D9070E300E3C870;
			remoteInfo = TableViewHelper;
		};
		89F5AE1E1D90861300E3C870 /* PBXContainerItemProxy */ = {
			isa = PBXContainerItemProxy;
			containerPortal = 89F5AE171D90861300E3C870 /* TableViewHelper.xcodeproj */;
			proxyType = 2;
			remoteGlobalIDString = 89F5ADE01D9070E300E3C870;
			remoteInfo = TableViewHelperTests;
		};
		89F5AE251D90881900E3C870 /* PBXContainerItemProxy */ = {
			isa = PBXContainerItemProxy;
			containerPortal = 89F5AE171D90861300E3C870 /* TableViewHelper.xcodeproj */;
			proxyType = 1;
			remoteGlobalIDString = 89F5ADD61D9070E300E3C870;
			remoteInfo = TableViewHelper;
		};
/* End PBXContainerItemProxy section */

/* Begin PBXCopyFilesBuildPhase section */
		89F5AE271D90881900E3C870 /* Embed Frameworks */ = {
			isa = PBXCopyFilesBuildPhase;
			buildActionMask = 2147483647;
			dstPath = "";
			dstSubfolderSpec = 10;
			files = (
				89F5AE241D90881900E3C870 /* TableViewHelper.framework in Embed Frameworks */,
			);
			name = "Embed Frameworks";
			runOnlyForDeploymentPostprocessing = 0;
		};
/* End PBXCopyFilesBuildPhase section */

/* Begin PBXFileReference section */
		89004F4819DD8BF800AAFC0E /* Tester.app */ = {isa = PBXFileReference; explicitFileType = wrapper.application; includeInIndex = 0; path = Tester.app; sourceTree = BUILT_PRODUCTS_DIR; };
		89004F4C19DD8BF800AAFC0E /* Info.plist */ = {isa = PBXFileReference; lastKnownFileType = text.plist.xml; path = Info.plist; sourceTree = "<group>"; };
		89004F4D19DD8BF800AAFC0E /* AppDelegate.swift */ = {isa = PBXFileReference; lastKnownFileType = sourcecode.swift; path = AppDelegate.swift; sourceTree = "<group>"; };
		89004F4F19DD8BF800AAFC0E /* ViewController.swift */ = {isa = PBXFileReference; lastKnownFileType = sourcecode.swift; path = ViewController.swift; sourceTree = "<group>"; };
		89004F5219DD8BF800AAFC0E /* Base */ = {isa = PBXFileReference; lastKnownFileType = file.storyboard; name = Base; path = Base.lproj/Main.storyboard; sourceTree = "<group>"; };
		89004F5419DD8BF800AAFC0E /* Images.xcassets */ = {isa = PBXFileReference; lastKnownFileType = folder.assetcatalog; path = Images.xcassets; sourceTree = "<group>"; };
		89004F5719DD8BF800AAFC0E /* Base */ = {isa = PBXFileReference; lastKnownFileType = file.xib; name = Base; path = Base.lproj/LaunchScreen.xib; sourceTree = "<group>"; };
		89F5AE171D90861300E3C870 /* TableViewHelper.xcodeproj */ = {isa = PBXFileReference; lastKnownFileType = "wrapper.pb-project"; name = TableViewHelper.xcodeproj; path = TableViewHelper/TableViewHelper.xcodeproj; sourceTree = "<group>"; };
/* End PBXFileReference section */

/* Begin PBXFrameworksBuildPhase section */
		89004F4519DD8BF800AAFC0E /* Frameworks */ = {
			isa = PBXFrameworksBuildPhase;
			buildActionMask = 2147483647;
			files = (
				89F5AE231D90881900E3C870 /* TableViewHelper.framework in Frameworks */,
			);
			runOnlyForDeploymentPostprocessing = 0;
		};
/* End PBXFrameworksBuildPhase section */

/* Begin PBXGroup section */
		89004F3F19DD8BF800AAFC0E = {
			isa = PBXGroup;
			children = (
				89F5AE171D90861300E3C870 /* TableViewHelper.xcodeproj */,
				89004F4A19DD8BF800AAFC0E /* Tester */,
				89004F4919DD8BF800AAFC0E /* Products */,
			);
			sourceTree = "<group>";
		};
		89004F4919DD8BF800AAFC0E /* Products */ = {
			isa = PBXGroup;
			children = (
				89004F4819DD8BF800AAFC0E /* Tester.app */,
			);
			name = Products;
			sourceTree = "<group>";
		};
		89004F4A19DD8BF800AAFC0E /* Tester */ = {
			isa = PBXGroup;
			children = (
				89004F4D19DD8BF800AAFC0E /* AppDelegate.swift */,
				89004F4F19DD8BF800AAFC0E /* ViewController.swift */,
				89004F5119DD8BF800AAFC0E /* Main.storyboard */,
				89004F5419DD8BF800AAFC0E /* Images.xcassets */,
				89004F5619DD8BF800AAFC0E /* LaunchScreen.xib */,
				89004F4B19DD8BF800AAFC0E /* Supporting Files */,
			);
			path = Tester;
			sourceTree = "<group>";
		};
		89004F4B19DD8BF800AAFC0E /* Supporting Files */ = {
			isa = PBXGroup;
			children = (
				89004F4C19DD8BF800AAFC0E /* Info.plist */,
			);
			name = "Supporting Files";
			sourceTree = "<group>";
		};
		89F5AE181D90861300E3C870 /* Products */ = {
			isa = PBXGroup;
			children = (
				89F5AE1D1D90861300E3C870 /* TableViewHelper.framework */,
				89F5AE1F1D90861300E3C870 /* TableViewHelperTests.xctest */,
			);
			name = Products;
			sourceTree = "<group>";
		};
/* End PBXGroup section */

/* Begin PBXNativeTarget section */
		89004F4719DD8BF800AAFC0E /* Tester */ = {
			isa = PBXNativeTarget;
			buildConfigurationList = 89004F6719DD8BF800AAFC0E /* Build configuration list for PBXNativeTarget "Tester" */;
			buildPhases = (
				89004F4419DD8BF800AAFC0E /* Sources */,
				89004F4519DD8BF800AAFC0E /* Frameworks */,
				89004F4619DD8BF800AAFC0E /* Resources */,
				89F5AE271D90881900E3C870 /* Embed Frameworks */,
			);
			buildRules = (
			);
			dependencies = (
				89F5AE261D90881900E3C870 /* PBXTargetDependency */,
			);
			name = Tester;
			productName = Tester;
			productReference = 89004F4819DD8BF800AAFC0E /* Tester.app */;
			productType = "com.apple.product-type.application";
		};
/* End PBXNativeTarget section */

/* Begin PBXProject section */
		89004F4019DD8BF800AAFC0E /* Project object */ = {
			isa = PBXProject;
			attributes = {
				LastUpgradeCheck = 0610;
				ORGANIZATIONNAME = "Aaron L. Bratcher";
				TargetAttributes = {
					89004F4719DD8BF800AAFC0E = {
						CreatedOnToolsVersion = 6.1;
						LastSwiftMigration = 0800;
					};
				};
			};
			buildConfigurationList = 89004F4319DD8BF800AAFC0E /* Build configuration list for PBXProject "Tester" */;
			compatibilityVersion = "Xcode 3.2";
			developmentRegion = English;
			hasScannedForEncodings = 0;
			knownRegions = (
				en,
				Base,
			);
			mainGroup = 89004F3F19DD8BF800AAFC0E;
			productRefGroup = 89004F4919DD8BF800AAFC0E /* Products */;
			projectDirPath = "";
			projectReferences = (
				{
					ProductGroup = 89F5AE181D90861300E3C870 /* Products */;
					ProjectRef = 89F5AE171D90861300E3C870 /* TableViewHelper.xcodeproj */;
				},
			);
			projectRoot = "";
			targets = (
				89004F4719DD8BF800AAFC0E /* Tester */,
			);
		};
/* End PBXProject section */

/* Begin PBXReferenceProxy section */
		89F5AE1D1D90861300E3C870 /* TableViewHelper.framework */ = {
			isa = PBXReferenceProxy;
			fileType = wrapper.framework;
			path = TableViewHelper.framework;
			remoteRef = 89F5AE1C1D90861300E3C870 /* PBXContainerItemProxy */;
			sourceTree = BUILT_PRODUCTS_DIR;
		};
		89F5AE1F1D90861300E3C870 /* TableViewHelperTests.xctest */ = {
			isa = PBXReferenceProxy;
			fileType = wrapper.cfbundle;
			path = TableViewHelperTests.xctest;
			remoteRef = 89F5AE1E1D90861300E3C870 /* PBXContainerItemProxy */;
			sourceTree = BUILT_PRODUCTS_DIR;
		};
/* End PBXReferenceProxy section */

/* Begin PBXResourcesBuildPhase section */
		89004F4619DD8BF800AAFC0E /* Resources */ = {
			isa = PBXResourcesBuildPhase;
			buildActionMask = 2147483647;
			files = (
				89004F5319DD8BF800AAFC0E /* Main.storyboard in Resources */,
				89004F5819DD8BF800AAFC0E /* LaunchScreen.xib in Resources */,
				89004F5519DD8BF800AAFC0E /* Images.xcassets in Resources */,
			);
			runOnlyForDeploymentPostprocessing = 0;
		};
/* End PBXResourcesBuildPhase section */

/* Begin PBXSourcesBuildPhase section */
		89004F4419DD8BF800AAFC0E /* Sources */ = {
			isa = PBXSourcesBuildPhase;
			buildActionMask = 2147483647;
			files = (
				89004F5019DD8BF800AAFC0E /* ViewController.swift in Sources */,
				89004F4E19DD8BF800AAFC0E /* AppDelegate.swift in Sources */,
			);
			runOnlyForDeploymentPostprocessing = 0;
		};
/* End PBXSourcesBuildPhase section */

/* Begin PBXTargetDependency section */
		89F5AE261D90881900E3C870 /* PBXTargetDependency */ = {
			isa = PBXTargetDependency;
			name = TableViewHelper;
			targetProxy = 89F5AE251D90881900E3C870 /* PBXContainerItemProxy */;
		};
/* End PBXTargetDependency section */

/* Begin PBXVariantGroup section */
		89004F5119DD8BF800AAFC0E /* Main.storyboard */ = {
			isa = PBXVariantGroup;
			children = (
				89004F5219DD8BF800AAFC0E /* Base */,
			);
			name = Main.storyboard;
			sourceTree = "<group>";
		};
		89004F5619DD8BF800AAFC0E /* LaunchScreen.xib */ = {
			isa = PBXVariantGroup;
			children = (
				89004F5719DD8BF800AAFC0E /* Base */,
			);
			name = LaunchScreen.xib;
			sourceTree = "<group>";
		};
/* End PBXVariantGroup section */

/* Begin XCBuildConfiguration section */
		89004F6519DD8BF800AAFC0E /* Debug */ = {
			isa = XCBuildConfiguration;
			buildSettings = {
				ALWAYS_SEARCH_USER_PATHS = NO;
				CLANG_CXX_LANGUAGE_STANDARD = "gnu++0x";
				CLANG_CXX_LIBRARY = "libc++";
				CLANG_ENABLE_MODULES = YES;
				CLANG_ENABLE_OBJC_ARC = YES;
				CLANG_WARN_BOOL_CONVERSION = YES;
				CLANG_WARN_CONSTANT_CONVERSION = YES;
				CLANG_WARN_DIRECT_OBJC_ISA_USAGE = YES_ERROR;
				CLANG_WARN_EMPTY_BODY = YES;
				CLANG_WARN_ENUM_CONVERSION = YES;
				CLANG_WARN_INT_CONVERSION = YES;
				CLANG_WARN_OBJC_ROOT_CLASS = YES_ERROR;
				CLANG_WARN_UNREACHABLE_CODE = YES;
				CLANG_WARN__DUPLICATE_METHOD_MATCH = YES;
				"CODE_SIGN_IDENTITY[sdk=iphoneos*]" = "iPhone Developer";
				COPY_PHASE_STRIP = NO;
				ENABLE_STRICT_OBJC_MSGSEND = YES;
				GCC_C_LANGUAGE_STANDARD = gnu99;
				GCC_DYNAMIC_NO_PIC = NO;
				GCC_OPTIMIZATION_LEVEL = 0;
				GCC_PREPROCESSOR_DEFINITIONS = (
					"DEBUG=1",
					"$(inherited)",
				);
				GCC_SYMBOLS_PRIVATE_EXTERN = NO;
				GCC_WARN_64_TO_32_BIT_CONVERSION = YES;
				GCC_WARN_ABOUT_RETURN_TYPE = YES_ERROR;
				GCC_WARN_UNDECLARED_SELECTOR = YES;
				GCC_WARN_UNINITIALIZED_AUTOS = YES_AGGRESSIVE;
				GCC_WARN_UNUSED_FUNCTION = YES;
				GCC_WARN_UNUSED_VARIABLE = YES;
				IPHONEOS_DEPLOYMENT_TARGET = 8.1;
				MTL_ENABLE_DEBUG_INFO = YES;
				ONLY_ACTIVE_ARCH = YES;
				SDKROOT = iphoneos;
				SWIFT_OPTIMIZATION_LEVEL = "-Onone";
				TARGETED_DEVICE_FAMILY = "1,2";
			};
			name = Debug;
		};
		89004F6619DD8BF800AAFC0E /* Release */ = {
			isa = XCBuildConfiguration;
			buildSettings = {
				ALWAYS_SEARCH_USER_PATHS = NO;
				CLANG_CXX_LANGUAGE_STANDARD = "gnu++0x";
				CLANG_CXX_LIBRARY = "libc++";
				CLANG_ENABLE_MODULES = YES;
				CLANG_ENABLE_OBJC_ARC = YES;
				CLANG_WARN_BOOL_CONVERSION = YES;
				CLANG_WARN_CONSTANT_CONVERSION = YES;
				CLANG_WARN_DIRECT_OBJC_ISA_USAGE = YES_ERROR;
				CLANG_WARN_EMPTY_BODY = YES;
				CLANG_WARN_ENUM_CONVERSION = YES;
				CLANG_WARN_INT_CONVERSION = YES;
				CLANG_WARN_OBJC_ROOT_CLASS = YES_ERROR;
				CLANG_WARN_UNREACHABLE_CODE = YES;
				CLANG_WARN__DUPLICATE_METHOD_MATCH = YES;
				"CODE_SIGN_IDENTITY[sdk=iphoneos*]" = "iPhone Developer";
				COPY_PHASE_STRIP = YES;
				ENABLE_NS_ASSERTIONS = NO;
				ENABLE_STRICT_OBJC_MSGSEND = YES;
				GCC_C_LANGUAGE_STANDARD = gnu99;
				GCC_WARN_64_TO_32_BIT_CONVERSION = YES;
				GCC_WARN_ABOUT_RETURN_TYPE = YES_ERROR;
				GCC_WARN_UNDECLARED_SELECTOR = YES;
				GCC_WARN_UNINITIALIZED_AUTOS = YES_AGGRESSIVE;
				GCC_WARN_UNUSED_FUNCTION = YES;
				GCC_WARN_UNUSED_VARIABLE = YES;
				IPHONEOS_DEPLOYMENT_TARGET = 8.1;
				MTL_ENABLE_DEBUG_INFO = NO;
				SDKROOT = iphoneos;
				TARGETED_DEVICE_FAMILY = "1,2";
				VALIDATE_PRODUCT = YES;
			};
			name = Release;
		};
		89004F6819DD8BF800AAFC0E /* Debug */ = {
			isa = XCBuildConfiguration;
			buildSettings = {
				ALWAYS_EMBED_SWIFT_STANDARD_LIBRARIES = YES;
				ASSETCATALOG_COMPILER_APPICON_NAME = AppIcon;
				DEVELOPMENT_TEAM = "";
				INFOPLIST_FILE = Tester/Info.plist;
				IPHONEOS_DEPLOYMENT_TARGET = 10.0;
				LD_RUNPATH_SEARCH_PATHS = "$(inherited) @executable_path/Frameworks";
				PRODUCT_NAME = "$(TARGET_NAME)";
				SWIFT_VERSION = 3.0;
			};
			name = Debug;
		};
		89004F6919DD8BF800AAFC0E /* Release */ = {
			isa = XCBuildConfiguration;
			buildSettings = {
				ALWAYS_EMBED_SWIFT_STANDARD_LIBRARIES = YES;
				ASSETCATALOG_COMPILER_APPICON_NAME = AppIcon;
				DEVELOPMENT_TEAM = "";
				INFOPLIST_FILE = Tester/Info.plist;
				IPHONEOS_DEPLOYMENT_TARGET = 10.0;
				LD_RUNPATH_SEARCH_PATHS = "$(inherited) @executable_path/Frameworks";
				PRODUCT_NAME = "$(TARGET_NAME)";
				SWIFT_VERSION = 3.0;
			};
			name = Release;
		};
/* End XCBuildConfiguration section */

/* Begin XCConfigurationList section */
		89004F4319DD8BF800AAFC0E /* Build configuration list for PBXProject "Tester" */ = {
			isa = XCConfigurationList;
			buildConfigurations = (
				89004F6519DD8BF800AAFC0E /* Debug */,
				89004F6619DD8BF800AAFC0E /* Release */,
			);
			defaultConfigurationIsVisible = 0;
			defaultConfigurationName = Release;
		};
		89004F6719DD8BF800AAFC0E /* Build configuration list for PBXNativeTarget "Tester" */ = {
			isa = XCConfigurationList;
			buildConfigurations = (
				89004F6819DD8BF800AAFC0E /* Debug */,
				89004F6919DD8BF800AAFC0E /* Release */,
			);
			defaultConfigurationIsVisible = 0;
			defaultConfigurationName = Release;
		};
/* End XCConfigurationList section */
	};
	rootObject = 89004F4019DD8BF800AAFC0E /* Project object */;
}
