// !$*UTF8*$!
{
	archiveVersion = 1;
	classes = {
	};
	objectVersion = 46;
	objects = {

/* Begin PBXBuildFile section */
		3EEC3321510D301CF1FBA6CD /* Pods_Tester.framework in Frameworks */ = {isa = PBXBuildFile; fileRef = 3E2C73D78EFC54FDB675218D /* Pods_Tester.framework */; };
		89004F4E19DD8BF800AAFC0E /* AppDelegate.swift in Sources */ = {isa = PBXBuildFile; fileRef = 89004F4D19DD8BF800AAFC0E /* AppDelegate.swift */; };
		89004F5019DD8BF800AAFC0E /* ViewController.swift in Sources */ = {isa = PBXBuildFile; fileRef = 89004F4F19DD8BF800AAFC0E /* ViewController.swift */; };
		89004F5319DD8BF800AAFC0E /* Main.storyboard in Resources */ = {isa = PBXBuildFile; fileRef = 89004F5119DD8BF800AAFC0E /* Main.storyboard */; };
		89004F5519DD8BF800AAFC0E /* Images.xcassets in Resources */ = {isa = PBXBuildFile; fileRef = 89004F5419DD8BF800AAFC0E /* Images.xcassets */; };
		89004F5819DD8BF800AAFC0E /* LaunchScreen.xib in Resources */ = {isa = PBXBuildFile; fileRef = 89004F5619DD8BF800AAFC0E /* LaunchScreen.xib */; };
/* End PBXBuildFile section */

/* Begin PBXCopyFilesBuildPhase section */
		89F5AE271D90881900E3C870 /* Embed Frameworks */ = {
			isa = PBXCopyFilesBuildPhase;
			buildActionMask = 2147483647;
			dstPath = "";
			dstSubfolderSpec = 10;
			files = (
			);
			name = "Embed Frameworks";
			runOnlyForDeploymentPostprocessing = 0;
		};
/* End PBXCopyFilesBuildPhase section */

/* Begin PBXFileReference section */
		3E2C73D78EFC54FDB675218D /* Pods_Tester.framework */ = {isa = PBXFileReference; explicitFileType = wrapper.framework; includeInIndex = 0; path = Pods_Tester.framework; sourceTree = BUILT_PRODUCTS_DIR; };
		59E48B8EABE2FB87937D9B79 /* Pods-Tester.debug.xcconfig */ = {isa = PBXFileReference; includeInIndex = 1; lastKnownFileType = text.xcconfig; name = "Pods-Tester.debug.xcconfig"; path = "Pods/Target Support Files/Pods-Tester/Pods-Tester.debug.xcconfig"; sourceTree = "<group>"; };
		89004F4819DD8BF800AAFC0E /* Tester.app */ = {isa = PBXFileReference; explicitFileType = wrapper.application; includeInIndex = 0; path = Tester.app; sourceTree = BUILT_PRODUCTS_DIR; };
		89004F4C19DD8BF800AAFC0E /* Info.plist */ = {isa = PBXFileReference; lastKnownFileType = text.plist.xml; path = Info.plist; sourceTree = "<group>"; };
		89004F4D19DD8BF800AAFC0E /* AppDelegate.swift */ = {isa = PBXFileReference; lastKnownFileType = sourcecode.swift; path = AppDelegate.swift; sourceTree = "<group>"; };
		89004F4F19DD8BF800AAFC0E /* ViewController.swift */ = {isa = PBXFileReference; lastKnownFileType = sourcecode.swift; path = ViewController.swift; sourceTree = "<group>"; };
		89004F5219DD8BF800AAFC0E /* Base */ = {isa = PBXFileReference; lastKnownFileType = file.storyboard; name = Base; path = Base.lproj/Main.storyboard; sourceTree = "<group>"; };
		89004F5419DD8BF800AAFC0E /* Images.xcassets */ = {isa = PBXFileReference; lastKnownFileType = folder.assetcatalog; path = Images.xcassets; sourceTree = "<group>"; };
		89004F5719DD8BF800AAFC0E /* Base */ = {isa = PBXFileReference; lastKnownFileType = file.xib; name = Base; path = Base.lproj/LaunchScreen.xib; sourceTree = "<group>"; };
		E5E549358438FD964B637E92 /* Pods-Tester.release.xcconfig */ = {isa = PBXFileReference; includeInIndex = 1; lastKnownFileType = text.xcconfig; name = "Pods-Tester.release.xcconfig"; path = "Pods/Target Support Files/Pods-Tester/Pods-Tester.release.xcconfig"; sourceTree = "<group>"; };
/* End PBXFileReference section */

/* Begin PBXFrameworksBuildPhase section */
		89004F4519DD8BF800AAFC0E /* Frameworks */ = {
			isa = PBXFrameworksBuildPhase;
			buildActionMask = 2147483647;
			files = (
				3EEC3321510D301CF1FBA6CD /* Pods_Tester.framework in Frameworks */,
			);
			runOnlyForDeploymentPostprocessing = 0;
		};
/* End PBXFrameworksBuildPhase section */

/* Begin PBXGroup section */
		89004F3F19DD8BF800AAFC0E = {
			isa = PBXGroup;
			children = (
				89004F4A19DD8BF800AAFC0E /* Tester */,
				89004F4919DD8BF800AAFC0E /* Products */,
				B84FCD16BEBD9729263F047D /* Pods */,
				DA3B82642F3DEFA10A12E7BC /* Frameworks */,
			);
			sourceTree = "<group>";
		};
		89004F4919DD8BF800AAFC0E /* Products */ = {
			isa = PBXGroup;
			children = (
				89004F4819DD8BF800AAFC0E /* Tester.app */,
			);
			name = Products;
			sourceTree = "<group>";
		};
		89004F4A19DD8BF800AAFC0E /* Tester */ = {
			isa = PBXGroup;
			children = (
				89004F4D19DD8BF800AAFC0E /* AppDelegate.swift */,
				89004F4F19DD8BF800AAFC0E /* ViewController.swift */,
				89004F5119DD8BF800AAFC0E /* Main.storyboard */,
				89004F5419DD8BF800AAFC0E /* Images.xcassets */,
				89004F5619DD8BF800AAFC0E /* LaunchScreen.xib */,
				89004F4B19DD8BF800AAFC0E /* Supporting Files */,
			);
			path = Tester;
			sourceTree = "<group>";
		};
		89004F4B19DD8BF800AAFC0E /* Supporting Files */ = {
			isa = PBXGroup;
			children = (
				89004F4C19DD8BF800AAFC0E /* Info.plist */,
			);
			name = "Supporting Files";
			sourceTree = "<group>";
		};
		B84FCD16BEBD9729263F047D /* Pods */ = {
			isa = PBXGroup;
			children = (
				59E48B8EABE2FB87937D9B79 /* Pods-Tester.debug.xcconfig */,
				E5E549358438FD964B637E92 /* Pods-Tester.release.xcconfig */,
			);
			name = Pods;
			sourceTree = "<group>";
		};
		DA3B82642F3DEFA10A12E7BC /* Frameworks */ = {
			isa = PBXGroup;
			children = (
				3E2C73D78EFC54FDB675218D /* Pods_Tester.framework */,
			);
			name = Frameworks;
			sourceTree = "<group>";
		};
/* End PBXGroup section */

/* Begin PBXNativeTarget section */
		89004F4719DD8BF800AAFC0E /* Tester */ = {
			isa = PBXNativeTarget;
			buildConfigurationList = 89004F6719DD8BF800AAFC0E /* Build configuration list for PBXNativeTarget "Tester" */;
			buildPhases = (
				16543456218BEB4E658C85FB /* [CP] Check Pods Manifest.lock */,
				89004F4419DD8BF800AAFC0E /* Sources */,
				89004F4519DD8BF800AAFC0E /* Frameworks */,
				89004F4619DD8BF800AAFC0E /* Resources */,
				89F5AE271D90881900E3C870 /* Embed Frameworks */,
				CEB72127786655B0466EE70E /* [CP] Embed Pods Frameworks */,
			);
			buildRules = (
			);
			dependencies = (
			);
			name = Tester;
			productName = Tester;
			productReference = 89004F4819DD8BF800AAFC0E /* Tester.app */;
			productType = "com.apple.product-type.application";
		};
/* End PBXNativeTarget section */

/* Begin PBXProject section */
		89004F4019DD8BF800AAFC0E /* Project object */ = {
			isa = PBXProject;
			attributes = {
				LastUpgradeCheck = 0610;
				ORGANIZATIONNAME = "Aaron L. Bratcher";
				TargetAttributes = {
					89004F4719DD8BF800AAFC0E = {
						CreatedOnToolsVersion = 6.1;
						LastSwiftMigration = 1020;
					};
				};
			};
			buildConfigurationList = 89004F4319DD8BF800AAFC0E /* Build configuration list for PBXProject "Tester" */;
			compatibilityVersion = "Xcode 3.2";
			developmentRegion = English;
			hasScannedForEncodings = 0;
			knownRegions = (
				English,
				en,
				Base,
			);
			mainGroup = 89004F3F19DD8BF800AAFC0E;
			productRefGroup = 89004F4919DD8BF800AAFC0E /* Products */;
			projectDirPath = "";
			projectRoot = "";
			targets = (
				89004F4719DD8BF800AAFC0E /* Tester */,
			);
		};
/* End PBXProject section */

/* Begin PBXResourcesBuildPhase section */
		89004F4619DD8BF800AAFC0E /* Resources */ = {
			isa = PBXResourcesBuildPhase;
			buildActionMask = 2147483647;
			files = (
				89004F5319DD8BF800AAFC0E /* Main.storyboard in Resources */,
				89004F5819DD8BF800AAFC0E /* LaunchScreen.xib in Resources */,
				89004F5519DD8BF800AAFC0E /* Images.xcassets in Resources */,
			);
			runOnlyForDeploymentPostprocessing = 0;
		};
/* End PBXResourcesBuildPhase section */

/* Begin PBXShellScriptBuildPhase section */
		16543456218BEB4E658C85FB /* [CP] Check Pods Manifest.lock */ = {
			isa = PBXShellScriptBuildPhase;
			buildActionMask = 2147483647;
			files = (
			);
			inputFileListPaths = (
			);
			inputPaths = (
				"${PODS_PODFILE_DIR_PATH}/Podfile.lock",
				"${PODS_ROOT}/Manifest.lock",
			);
			name = "[CP] Check Pods Manifest.lock";
			outputFileListPaths = (
			);
			outputPaths = (
				"$(DERIVED_FILE_DIR)/Pods-Tester-checkManifestLockResult.txt",
			);
			runOnlyForDeploymentPostprocessing = 0;
			shellPath = /bin/sh;
			shellScript = "diff \"${PODS_PODFILE_DIR_PATH}/Podfile.lock\" \"${PODS_ROOT}/Manifest.lock\" > /dev/null\nif [ $? != 0 ] ; then\n    # print error to STDERR\n    echo \"error: The sandbox is not in sync with the Podfile.lock. Run 'pod install' or update your CocoaPods installation.\" >&2\n    exit 1\nfi\n# This output is used by Xcode 'outputs' to avoid re-running this script phase.\necho \"SUCCESS\" > \"${SCRIPT_OUTPUT_FILE_0}\"\n";
			showEnvVarsInLog = 0;
		};
		CEB72127786655B0466EE70E /* [CP] Embed Pods Frameworks */ = {
			isa = PBXShellScriptBuildPhase;
			buildActionMask = 2147483647;
			files = (
			);
			inputFileListPaths = (
			);
			inputPaths = (
				"${SRCROOT}/Pods/Target Support Files/Pods-Tester/Pods-Tester-frameworks.sh",
				"${BUILT_PRODUCTS_DIR}/TableViewHelper/TableViewHelper.framework",
			);
			name = "[CP] Embed Pods Frameworks";
			outputFileListPaths = (
			);
			outputPaths = (
				"${TARGET_BUILD_DIR}/${FRAMEWORKS_FOLDER_PATH}/TableViewHelper.framework",
			);
			runOnlyForDeploymentPostprocessing = 0;
			shellPath = /bin/sh;
			shellScript = "\"${SRCROOT}/Pods/Target Support Files/Pods-Tester/Pods-Tester-frameworks.sh\"\n";
			showEnvVarsInLog = 0;
		};
/* End PBXShellScriptBuildPhase section */

/* Begin PBXSourcesBuildPhase section */
		89004F4419DD8BF800AAFC0E /* Sources */ = {
			isa = PBXSourcesBuildPhase;
			buildActionMask = 2147483647;
			files = (
				89004F5019DD8BF800AAFC0E /* ViewController.swift in Sources */,
				89004F4E19DD8BF800AAFC0E /* AppDelegate.swift in Sources */,
			);
			runOnlyForDeploymentPostprocessing = 0;
		};
/* End PBXSourcesBuildPhase section */

/* Begin PBXVariantGroup section */
		89004F5119DD8BF800AAFC0E /* Main.storyboard */ = {
			isa = PBXVariantGroup;
			children = (
				89004F5219DD8BF800AAFC0E /* Base */,
			);
			name = Main.storyboard;
			sourceTree = "<group>";
		};
		89004F5619DD8BF800AAFC0E /* LaunchScreen.xib */ = {
			isa = PBXVariantGroup;
			children = (
				89004F5719DD8BF800AAFC0E /* Base */,
			);
			name = LaunchScreen.xib;
			sourceTree = "<group>";
		};
/* End PBXVariantGroup section */

/* Begin XCBuildConfiguration section */
		89004F6519DD8BF800AAFC0E /* Debug */ = {
			isa = XCBuildConfiguration;
			buildSettings = {
				ALWAYS_SEARCH_USER_PATHS = NO;
				CLANG_CXX_LANGUAGE_STANDARD = "gnu++0x";
				CLANG_CXX_LIBRARY = "libc++";
				CLANG_ENABLE_MODULES = YES;
				CLANG_ENABLE_OBJC_ARC = YES;
				CLANG_WARN_BOOL_CONVERSION = YES;
				CLANG_WARN_CONSTANT_CONVERSION = YES;
				CLANG_WARN_DIRECT_OBJC_ISA_USAGE = YES_ERROR;
				CLANG_WARN_EMPTY_BODY = YES;
				CLANG_WARN_ENUM_CONVERSION = YES;
				CLANG_WARN_INT_CONVERSION = YES;
				CLANG_WARN_OBJC_ROOT_CLASS = YES_ERROR;
				CLANG_WARN_UNREACHABLE_CODE = YES;
				CLANG_WARN__DUPLICATE_METHOD_MATCH = YES;
				"CODE_SIGN_IDENTITY[sdk=iphoneos*]" = "iPhone Developer";
				COPY_PHASE_STRIP = NO;
				ENABLE_STRICT_OBJC_MSGSEND = YES;
				GCC_C_LANGUAGE_STANDARD = gnu99;
				GCC_DYNAMIC_NO_PIC = NO;
				GCC_OPTIMIZATION_LEVEL = 0;
				GCC_PREPROCESSOR_DEFINITIONS = (
					"DEBUG=1",
					"$(inherited)",
				);
				GCC_SYMBOLS_PRIVATE_EXTERN = NO;
				GCC_WARN_64_TO_32_BIT_CONVERSION = YES;
				GCC_WARN_ABOUT_RETURN_TYPE = YES_ERROR;
				GCC_WARN_UNDECLARED_SELECTOR = YES;
				GCC_WARN_UNINITIALIZED_AUTOS = YES_AGGRESSIVE;
				GCC_WARN_UNUSED_FUNCTION = YES;
				GCC_WARN_UNUSED_VARIABLE = YES;
				IPHONEOS_DEPLOYMENT_TARGET = 8.1;
				MTL_ENABLE_DEBUG_INFO = YES;
				ONLY_ACTIVE_ARCH = YES;
				SDKROOT = iphoneos;
				SWIFT_OPTIMIZATION_LEVEL = "-Onone";
				TARGETED_DEVICE_FAMILY = "1,2";
			};
			name = Debug;
		};
		89004F6619DD8BF800AAFC0E /* Release */ = {
			isa = XCBuildConfiguration;
			buildSettings = {
				ALWAYS_SEARCH_USER_PATHS = NO;
				CLANG_CXX_LANGUAGE_STANDARD = "gnu++0x";
				CLANG_CXX_LIBRARY = "libc++";
				CLANG_ENABLE_MODULES = YES;
				CLANG_ENABLE_OBJC_ARC = YES;
				CLANG_WARN_BOOL_CONVERSION = YES;
				CLANG_WARN_CONSTANT_CONVERSION = YES;
				CLANG_WARN_DIRECT_OBJC_ISA_USAGE = YES_ERROR;
				CLANG_WARN_EMPTY_BODY = YES;
				CLANG_WARN_ENUM_CONVERSION = YES;
				CLANG_WARN_INT_CONVERSION = YES;
				CLANG_WARN_OBJC_ROOT_CLASS = YES_ERROR;
				CLANG_WARN_UNREACHABLE_CODE = YES;
				CLANG_WARN__DUPLICATE_METHOD_MATCH = YES;
				"CODE_SIGN_IDENTITY[sdk=iphoneos*]" = "iPhone Developer";
				COPY_PHASE_STRIP = YES;
				ENABLE_NS_ASSERTIONS = NO;
				ENABLE_STRICT_OBJC_MSGSEND = YES;
				GCC_C_LANGUAGE_STANDARD = gnu99;
				GCC_WARN_64_TO_32_BIT_CONVERSION = YES;
				GCC_WARN_ABOUT_RETURN_TYPE = YES_ERROR;
				GCC_WARN_UNDECLARED_SELECTOR = YES;
				GCC_WARN_UNINITIALIZED_AUTOS = YES_AGGRESSIVE;
				GCC_WARN_UNUSED_FUNCTION = YES;
				GCC_WARN_UNUSED_VARIABLE = YES;
				IPHONEOS_DEPLOYMENT_TARGET = 8.1;
				MTL_ENABLE_DEBUG_INFO = NO;
				SDKROOT = iphoneos;
				TARGETED_DEVICE_FAMILY = "1,2";
				VALIDATE_PRODUCT = YES;
			};
			name = Release;
		};
		89004F6819DD8BF800AAFC0E /* Debug */ = {
			isa = XCBuildConfiguration;
			baseConfigurationReference = 59E48B8EABE2FB87937D9B79 /* Pods-Tester.debug.xcconfig */;
			buildSettings = {
				ALWAYS_EMBED_SWIFT_STANDARD_LIBRARIES = YES;
				ASSETCATALOG_COMPILER_APPICON_NAME = AppIcon;
				DEVELOPMENT_TEAM = "";
				INFOPLIST_FILE = Tester/Info.plist;
				IPHONEOS_DEPLOYMENT_TARGET = 10.0;
				LD_RUNPATH_SEARCH_PATHS = "$(inherited) @executable_path/Frameworks";
				PRODUCT_NAME = "$(TARGET_NAME)";
				SWIFT_VERSION = 5.0;
			};
			name = Debug;
		};
		89004F6919DD8BF800AAFC0E /* Release */ = {
			isa = XCBuildConfiguration;
			baseConfigurationReference = E5E549358438FD964B637E92 /* Pods-Tester.release.xcconfig */;
			buildSettings = {
				ALWAYS_EMBED_SWIFT_STANDARD_LIBRARIES = YES;
				ASSETCATALOG_COMPILER_APPICON_NAME = AppIcon;
				DEVELOPMENT_TEAM = "";
				INFOPLIST_FILE = Tester/Info.plist;
				IPHONEOS_DEPLOYMENT_TARGET = 10.0;
				LD_RUNPATH_SEARCH_PATHS = "$(inherited) @executable_path/Frameworks";
				PRODUCT_NAME = "$(TARGET_NAME)";
				SWIFT_VERSION = 5.0;
			};
			name = Release;
		};
/* End XCBuildConfiguration section */

/* Begin XCConfigurationList section */
		89004F4319DD8BF800AAFC0E /* Build configuration list for PBXProject "Tester" */ = {
			isa = XCConfigurationList;
			buildConfigurations = (
				89004F6519DD8BF800AAFC0E /* Debug */,
				89004F6619DD8BF800AAFC0E /* Release */,
			);
			defaultConfigurationIsVisible = 0;
			defaultConfigurationName = Release;
		};
		89004F6719DD8BF800AAFC0E /* Build configuration list for PBXNativeTarget "Tester" */ = {
			isa = XCConfigurationList;
			buildConfigurations = (
				89004F6819DD8BF800AAFC0E /* Debug */,
				89004F6919DD8BF800AAFC0E /* Release */,
			);
			defaultConfigurationIsVisible = 0;
			defaultConfigurationName = Release;
		};
/* End XCConfigurationList section */
	};
	rootObject = 89004F4019DD8BF800AAFC0E /* Project object */;
}
