PODS:
  - TableViewHelper (2.2)

DEPENDENCIES:
  - TableViewHelper (from `TableViewHelper`)

EXTERNAL SOURCES:
  TableViewHelper:
    :path: TableViewHelper

SPEC CHECKSUMS:
  TableViewHelper: 5e71a6cc5a5d2d5d9bc9809e17112d2fa4da0379

PODFILE CHECKSUM: 37069cd5b5fecbc4fc7801bab23530e2ebfe046a

COCOAPODS: 1.7.1
